
Microsoft Visual Studio Solution File, Format Version 12.00
# Visual Studio Version 17
VisualStudioVersion = 17.13.35913.81 d17.13
MinimumVisualStudioVersion = 10.0.40219.1
Project("{FAE04EC0-301F-11D3-BF4B-00C04F79EFBC}") = "StepsTakenOnScreen", "StepsTakenOnScreen.csproj", "{B29972E1-15C6-4D25-9366-FA4FF75EB062}"
EndProject
Global
	GlobalSection(SolutionConfigurationPlatforms) = preSolution
		Debug|Any CPU = Debug|Any CPU
		Release|Any CPU = Release|Any CPU
	EndGlobalSection
	GlobalSection(ProjectConfigurationPlatforms) = postSolution
		{B29972E1-15C6-4D25-9366-FA4FF75EB062}.Debug|Any CPU.ActiveCfg = Debug|Any CPU
		{B29972E1-15C6-4D25-9366-FA4FF75EB062}.Debug|Any CPU.Build.0 = Debug|Any CPU
		{B29972E1-15C6-4D25-9366-FA4FF75EB062}.Release|Any CPU.ActiveCfg = Release|Any CPU
		{B29972E1-15C6-4D25-9366-FA4FF75EB062}.Release|Any CPU.Build.0 = Release|Any CPU
	EndGlobalSection
	GlobalSection(SolutionProperties) = preSolution
		HideSolutionNode = FALSE
	EndGlobalSection
	GlobalSection(ExtensibilityGlobals) = postSolution
		SolutionGuid = {54792D8E-D263-4F52-8343-BE2CCC6B89E2}
	EndGlobalSection
EndGlobal
